// !$*UTF8*$!
{
	archiveVersion = 1;
	classes = {
	};
	objectVersion = 46;
	objects = {

/* Begin PBXBuildFile section */
		7840E47E18B433750008907E /* Foundation.framework in Frameworks */ = {isa = PBXBuildFile; fileRef = 7840E47D18B433750008907E /* Foundation.framework */; };
		7840E48018B433750008907E /* CoreGraphics.framework in Frameworks */ = {isa = PBXBuildFile; fileRef = 7840E47F18B433750008907E /* CoreGraphics.framework */; };
		7840E48218B433750008907E /* UIKit.framework in Frameworks */ = {isa = PBXBuildFile; fileRef = 7840E48118B433750008907E /* UIKit.framework */; };
		7840E48818B433750008907E /* InfoPlist.strings in Resources */ = {isa = PBXBuildFile; fileRef = 7840E48618B433750008907E /* InfoPlist.strings */; };
		7840E48A18B433750008907E /* main.m in Sources */ = {isa = PBXBuildFile; fileRef = 7840E48918B433750008907E /* main.m */; };
		7840E48E18B433750008907E /* AppDelegate.m in Sources */ = {isa = PBXBuildFile; fileRef = 7840E48D18B433750008907E /* AppDelegate.m */; };
		7840E49118B433750008907E /* Main.storyboard in Resources */ = {isa = PBXBuildFile; fileRef = 7840E48F18B433750008907E /* Main.storyboard */; };
		7840E49618B433750008907E /* Images.xcassets in Resources */ = {isa = PBXBuildFile; fileRef = 7840E49518B433750008907E /* Images.xcassets */; };
		7840E49D18B433750008907E /* XCTest.framework in Frameworks */ = {isa = PBXBuildFile; fileRef = 7840E49C18B433750008907E /* XCTest.framework */; };
		7840E49E18B433750008907E /* Foundation.framework in Frameworks */ = {isa = PBXBuildFile; fileRef = 7840E47D18B433750008907E /* Foundation.framework */; };
		7840E49F18B433750008907E /* UIKit.framework in Frameworks */ = {isa = PBXBuildFile; fileRef = 7840E48118B433750008907E /* UIKit.framework */; };
		7840E4A718B433750008907E /* InfoPlist.strings in Resources */ = {isa = PBXBuildFile; fileRef = 7840E4A518B433750008907E /* InfoPlist.strings */; };
		7840E4A918B433750008907E /* AppDelegateSampleTests.m in Sources */ = {isa = PBXBuildFile; fileRef = 7840E4A818B433750008907E /* AppDelegateSampleTests.m */; };
		78E443F718B4651500867193 /* DelegateAViewController.m in Sources */ = {isa = PBXBuildFile; fileRef = 78E443F618B4651500867193 /* DelegateAViewController.m */; };
		78E443FA18B4654300867193 /* DelegateBViewController.m in Sources */ = {isa = PBXBuildFile; fileRef = 78E443F918B4654300867193 /* DelegateBViewController.m */; };
/* End PBXBuildFile section */

/* Begin PBXContainerItemProxy section */
		7840E4A018B433750008907E /* PBXContainerItemProxy */ = {
			isa = PBXContainerItemProxy;
			containerPortal = 7840E47218B433750008907E /* Project object */;
			proxyType = 1;
			remoteGlobalIDString = 7840E47918B433750008907E;
			remoteInfo = AppDelegateSample;
		};
/* End PBXContainerItemProxy section */

/* Begin PBXFileReference section */
		7840E47A18B433750008907E /* AppDelegateSample.app */ = {isa = PBXFileReference; explicitFileType = wrapper.application; includeInIndex = 0; path = AppDelegateSample.app; sourceTree = BUILT_PRODUCTS_DIR; };
		7840E47D18B433750008907E /* Foundation.framework */ = {isa = PBXFileReference; lastKnownFileType = wrapper.framework; name = Foundation.framework; path = System/Library/Frameworks/Foundation.framework; sourceTree = SDKROOT; };
		7840E47F18B433750008907E /* CoreGraphics.framework */ = {isa = PBXFileReference; lastKnownFileType = wrapper.framework; name = CoreGraphics.framework; path = System/Library/Frameworks/CoreGraphics.framework; sourceTree = SDKROOT; };
		7840E48118B433750008907E /* UIKit.framework */ = {isa = PBXFileReference; lastKnownFileType = wrapper.framework; name = UIKit.framework; path = System/Library/Frameworks/UIKit.framework; sourceTree = SDKROOT; };
		7840E48518B433750008907E /* AppDelegateSample-Info.plist */ = {isa = PBXFileReference; lastKnownFileType = text.plist.xml; path = "AppDelegateSample-Info.plist"; sourceTree = "<group>"; };
		7840E48718B433750008907E /* en */ = {isa = PBXFileReference; lastKnownFileType = text.plist.strings; name = en; path = en.lproj/InfoPlist.strings; sourceTree = "<group>"; };
		7840E48918B433750008907E /* main.m */ = {isa = PBXFileReference; lastKnownFileType = sourcecode.c.objc; path = main.m; sourceTree = "<group>"; };
		7840E48B18B433750008907E /* AppDelegateSample-Prefix.pch */ = {isa = PBXFileReference; lastKnownFileType = sourcecode.c.h; path = "AppDelegateSample-Prefix.pch"; sourceTree = "<group>"; };
		7840E48C18B433750008907E /* AppDelegate.h */ = {isa = PBXFileReference; lastKnownFileType = sourcecode.c.h; path = AppDelegate.h; sourceTree = "<group>"; };
		7840E48D18B433750008907E /* AppDelegate.m */ = {isa = PBXFileReference; lastKnownFileType = sourcecode.c.objc; path = AppDelegate.m; sourceTree = "<group>"; };
		7840E49018B433750008907E /* Base */ = {isa = PBXFileReference; lastKnownFileType = file.storyboard; name = Base; path = Base.lproj/Main.storyboard; sourceTree = "<group>"; };
		7840E49518B433750008907E /* Images.xcassets */ = {isa = PBXFileReference; lastKnownFileType = folder.assetcatalog; path = Images.xcassets; sourceTree = "<group>"; };
		7840E49B18B433750008907E /* AppDelegateSampleTests.xctest */ = {isa = PBXFileReference; explicitFileType = wrapper.cfbundle; includeInIndex = 0; path = AppDelegateSampleTests.xctest; sourceTree = BUILT_PRODUCTS_DIR; };
		7840E49C18B433750008907E /* XCTest.framework */ = {isa = PBXFileReference; lastKnownFileType = wrapper.framework; name = XCTest.framework; path = Library/Frameworks/XCTest.framework; sourceTree = DEVELOPER_DIR; };
		7840E4A418B433750008907E /* AppDelegateSampleTests-Info.plist */ = {isa = PBXFileReference; lastKnownFileType = text.plist.xml; path = "AppDelegateSampleTests-Info.plist"; sourceTree = "<group>"; };
		7840E4A618B433750008907E /* en */ = {isa = PBXFileReference; lastKnownFileType = text.plist.strings; name = en; path = en.lproj/InfoPlist.strings; sourceTree = "<group>"; };
		7840E4A818B433750008907E /* AppDelegateSampleTests.m */ = {isa = PBXFileReference; lastKnownFileType = sourcecode.c.objc; path = AppDelegateSampleTests.m; sourceTree = "<group>"; };
		78E443F518B4651500867193 /* DelegateAViewController.h */ = {isa = PBXFileReference; fileEncoding = 4; lastKnownFileType = sourcecode.c.h; path = DelegateAViewController.h; sourceTree = "<group>"; };
		78E443F618B4651500867193 /* DelegateAViewController.m */ = {isa = PBXFileReference; fileEncoding = 4; lastKnownFileType = sourcecode.c.objc; path = DelegateAViewController.m; sourceTree = "<group>"; };
		78E443F818B4654300867193 /* DelegateBViewController.h */ = {isa = PBXFileReference; fileEncoding = 4; lastKnownFileType = sourcecode.c.h; path = DelegateBViewController.h; sourceTree = "<group>"; };
		78E443F918B4654300867193 /* DelegateBViewController.m */ = {isa = PBXFileReference; fileEncoding = 4; lastKnownFileType = sourcecode.c.objc; path = DelegateBViewController.m; sourceTree = "<group>"; };
/* End PBXFileReference section */

/* Begin PBXFrameworksBuildPhase section */
		7840E47718B433750008907E /* Frameworks */ = {
			isa = PBXFrameworksBuildPhase;
			buildActionMask = 2147483647;
			files = (
				7840E48018B433750008907E /* CoreGraphics.framework in Frameworks */,
				7840E48218B433750008907E /* UIKit.framework in Frameworks */,
				7840E47E18B433750008907E /* Foundation.framework in Frameworks */,
			);
			runOnlyForDeploymentPostprocessing = 0;
		};
		7840E49818B433750008907E /* Frameworks */ = {
			isa = PBXFrameworksBuildPhase;
			buildActionMask = 2147483647;
			files = (
				7840E49D18B433750008907E /* XCTest.framework in Frameworks */,
				7840E49F18B433750008907E /* UIKit.framework in Frameworks */,
				7840E49E18B433750008907E /* Foundation.framework in Frameworks */,
			);
			runOnlyForDeploymentPostprocessing = 0;
		};
/* End PBXFrameworksBuildPhase section */

/* Begin PBXGroup section */
		7840E47118B433750008907E = {
			isa = PBXGroup;
			children = (
				7840E48318B433750008907E /* AppDelegateSample */,
				7840E4A218B433750008907E /* AppDelegateSampleTests */,
				7840E47C18B433750008907E /* Frameworks */,
				7840E47B18B433750008907E /* Products */,
			);
			sourceTree = "<group>";
		};
		7840E47B18B433750008907E /* Products */ = {
			isa = PBXGroup;
			children = (
				7840E47A18B433750008907E /* AppDelegateSample.app */,
				7840E49B18B433750008907E /* AppDelegateSampleTests.xctest */,
			);
			name = Products;
			sourceTree = "<group>";
		};
		7840E47C18B433750008907E /* Frameworks */ = {
			isa = PBXGroup;
			children = (
				7840E47D18B433750008907E /* Foundation.framework */,
				7840E47F18B433750008907E /* CoreGraphics.framework */,
				7840E48118B433750008907E /* UIKit.framework */,
				7840E49C18B433750008907E /* XCTest.framework */,
			);
			name = Frameworks;
			sourceTree = "<group>";
		};
		7840E48318B433750008907E /* AppDelegateSample */ = {
			isa = PBXGroup;
			children = (
				7840E48C18B433750008907E /* AppDelegate.h */,
				7840E48D18B433750008907E /* AppDelegate.m */,
				7840E48F18B433750008907E /* Main.storyboard */,
				78E443F518B4651500867193 /* DelegateAViewController.h */,
				78E443F618B4651500867193 /* DelegateAViewController.m */,
				78E443F818B4654300867193 /* DelegateBViewController.h */,
				78E443F918B4654300867193 /* DelegateBViewController.m */,
				7840E49518B433750008907E /* Images.xcassets */,
				7840E48418B433750008907E /* Supporting Files */,
			);
			path = AppDelegateSample;
			sourceTree = "<group>";
		};
		7840E48418B433750008907E /* Supporting Files */ = {
			isa = PBXGroup;
			children = (
				7840E48518B433750008907E /* AppDelegateSample-Info.plist */,
				7840E48618B433750008907E /* InfoPlist.strings */,
				7840E48918B433750008907E /* main.m */,
				7840E48B18B433750008907E /* AppDelegateSample-Prefix.pch */,
			);
			name = "Supporting Files";
			sourceTree = "<group>";
		};
		7840E4A218B433750008907E /* AppDelegateSampleTests */ = {
			isa = PBXGroup;
			children = (
				7840E4A818B433750008907E /* AppDelegateSampleTests.m */,
				7840E4A318B433750008907E /* Supporting Files */,
			);
			path = AppDelegateSampleTests;
			sourceTree = "<group>";
		};
		7840E4A318B433750008907E /* Supporting Files */ = {
			isa = PBXGroup;
			children = (
				7840E4A418B433750008907E /* AppDelegateSampleTests-Info.plist */,
				7840E4A518B433750008907E /* InfoPlist.strings */,
			);
			name = "Supporting Files";
			sourceTree = "<group>";
		};
/* End PBXGroup section */

/* Begin PBXNativeTarget section */
		7840E47918B433750008907E /* AppDelegateSample */ = {
			isa = PBXNativeTarget;
			buildConfigurationList = 7840E4AC18B433750008907E /* Build configuration list for PBXNativeTarget "AppDelegateSample" */;
			buildPhases = (
				7840E47618B433750008907E /* Sources */,
				7840E47718B433750008907E /* Frameworks */,
				7840E47818B433750008907E /* Resources */,
			);
			buildRules = (
			);
			dependencies = (
			);
			name = AppDelegateSample;
			productName = AppDelegateSample;
			productReference = 7840E47A18B433750008907E /* AppDelegateSample.app */;
			productType = "com.apple.product-type.application";
		};
		7840E49A18B433750008907E /* AppDelegateSampleTests */ = {
			isa = PBXNativeTarget;
			buildConfigurationList = 7840E4AF18B433750008907E /* Build configuration list for PBXNativeTarget "AppDelegateSampleTests" */;
			buildPhases = (
				7840E49718B433750008907E /* Sources */,
				7840E49818B433750008907E /* Frameworks */,
				7840E49918B433750008907E /* Resources */,
			);
			buildRules = (
			);
			dependencies = (
				7840E4A118B433750008907E /* PBXTargetDependency */,
			);
			name = AppDelegateSampleTests;
			productName = AppDelegateSampleTests;
			productReference = 7840E49B18B433750008907E /* AppDelegateSampleTests.xctest */;
			productType = "com.apple.product-type.bundle.unit-test";
		};
/* End PBXNativeTarget section */

/* Begin PBXProject section */
		7840E47218B433750008907E /* Project object */ = {
			isa = PBXProject;
			attributes = {
				LastUpgradeCheck = 0500;
				ORGANIZATIONNAME = "Hajime Maeda";
				TargetAttributes = {
					7840E49A18B433750008907E = {
						TestTargetID = 7840E47918B433750008907E;
					};
				};
			};
			buildConfigurationList = 7840E47518B433750008907E /* Build configuration list for PBXProject "AppDelegateSample" */;
			compatibilityVersion = "Xcode 3.2";
			developmentRegion = English;
			hasScannedForEncodings = 0;
			knownRegions = (
				en,
				Base,
			);
			mainGroup = 7840E47118B433750008907E;
			productRefGroup = 7840E47B18B433750008907E /* Products */;
			projectDirPath = "";
			projectRoot = "";
			targets = (
				7840E47918B433750008907E /* AppDelegateSample */,
				7840E49A18B433750008907E /* AppDelegateSampleTests */,
			);
		};
/* End PBXProject section */

/* Begin PBXResourcesBuildPhase section */
		7840E47818B433750008907E /* Resources */ = {
			isa = PBXResourcesBuildPhase;
			buildActionMask = 2147483647;
			files = (
				7840E49618B433750008907E /* Images.xcassets in Resources */,
				7840E48818B433750008907E /* InfoPlist.strings in Resources */,
				7840E49118B433750008907E /* Main.storyboard in Resources */,
			);
			runOnlyForDeploymentPostprocessing = 0;
		};
		7840E49918B433750008907E /* Resources */ = {
			isa = PBXResourcesBuildPhase;
			buildActionMask = 2147483647;
			files = (
				7840E4A718B433750008907E /* InfoPlist.strings in Resources */,
			);
			runOnlyForDeploymentPostprocessing = 0;
		};
/* End PBXResourcesBuildPhase section */

/* Begin PBXSourcesBuildPhase section */
		7840E47618B433750008907E /* Sources */ = {
			isa = PBXSourcesBuildPhase;
			buildActionMask = 2147483647;
			files = (
				7840E48E18B433750008907E /* AppDelegate.m in Sources */,
				7840E48A18B433750008907E /* main.m in Sources */,
				78E443F718B4651500867193 /* DelegateAViewController.m in Sources */,
				78E443FA18B4654300867193 /* DelegateBViewController.m in Sources */,
			);
			runOnlyForDeploymentPostprocessing = 0;
		};
		7840E49718B433750008907E /* Sources */ = {
			isa = PBXSourcesBuildPhase;
			buildActionMask = 2147483647;
			files = (
				7840E4A918B433750008907E /* AppDelegateSampleTests.m in Sources */,
			);
			runOnlyForDeploymentPostprocessing = 0;
		};
/* End PBXSourcesBuildPhase section */

/* Begin PBXTargetDependency section */
		7840E4A118B433750008907E /* PBXTargetDependency */ = {
			isa = PBXTargetDependency;
			target = 7840E47918B433750008907E /* AppDelegateSample */;
			targetProxy = 7840E4A018B433750008907E /* PBXContainerItemProxy */;
		};
/* End PBXTargetDependency section */

/* Begin PBXVariantGroup section */
		7840E48618B433750008907E /* InfoPlist.strings */ = {
			isa = PBXVariantGroup;
			children = (
				7840E48718B433750008907E /* en */,
			);
			name = InfoPlist.strings;
			sourceTree = "<group>";
		};
		7840E48F18B433750008907E /* Main.storyboard */ = {
			isa = PBXVariantGroup;
			children = (
				7840E49018B433750008907E /* Base */,
			);
			name = Main.storyboard;
			sourceTree = "<group>";
		};
		7840E4A518B433750008907E /* InfoPlist.strings */ = {
			isa = PBXVariantGroup;
			children = (
				7840E4A618B433750008907E /* en */,
			);
			name = InfoPlist.strings;
			sourceTree = "<group>";
		};
/* End PBXVariantGroup section */

/* Begin XCBuildConfiguration section */
		7840E4AA18B433750008907E /* Debug */ = {
			isa = XCBuildConfiguration;
			buildSettings = {
				ALWAYS_SEARCH_USER_PATHS = NO;
				ARCHS = "$(ARCHS_STANDARD_INCLUDING_64_BIT)";
				CLANG_CXX_LANGUAGE_STANDARD = "gnu++0x";
				CLANG_CXX_LIBRARY = "libc++";
				CLANG_ENABLE_MODULES = YES;
				CLANG_ENABLE_OBJC_ARC = YES;
				CLANG_WARN_BOOL_CONVERSION = YES;
				CLANG_WARN_CONSTANT_CONVERSION = YES;
				CLANG_WARN_DIRECT_OBJC_ISA_USAGE = YES_ERROR;
				CLANG_WARN_EMPTY_BODY = YES;
				CLANG_WARN_ENUM_CONVERSION = YES;
				CLANG_WARN_INT_CONVERSION = YES;
				CLANG_WARN_OBJC_ROOT_CLASS = YES_ERROR;
				CLANG_WARN__DUPLICATE_METHOD_MATCH = YES;
				"CODE_SIGN_IDENTITY[sdk=iphoneos*]" = "iPhone Developer";
				COPY_PHASE_STRIP = NO;
				GCC_C_LANGUAGE_STANDARD = gnu99;
				GCC_DYNAMIC_NO_PIC = NO;
				GCC_OPTIMIZATION_LEVEL = 0;
				GCC_PREPROCESSOR_DEFINITIONS = (
					"DEBUG=1",
					"$(inherited)",
				);
				GCC_SYMBOLS_PRIVATE_EXTERN = NO;
				GCC_WARN_64_TO_32_BIT_CONVERSION = YES;
				GCC_WARN_ABOUT_RETURN_TYPE = YES_ERROR;
				GCC_WARN_UNDECLARED_SELECTOR = YES;
				GCC_WARN_UNINITIALIZED_AUTOS = YES;
				GCC_WARN_UNUSED_FUNCTION = YES;
				GCC_WARN_UNUSED_VARIABLE = YES;
				IPHONEOS_DEPLOYMENT_TARGET = 7.0;
				ONLY_ACTIVE_ARCH = YES;
				SDKROOT = iphoneos;
			};
			name = Debug;
		};
		7840E4AB18B433750008907E /* Release */ = {
			isa = XCBuildConfiguration;
			buildSettings = {
				ALWAYS_SEARCH_USER_PATHS = NO;
				ARCHS = "$(ARCHS_STANDARD_INCLUDING_64_BIT)";
				CLANG_CXX_LANGUAGE_STANDARD = "gnu++0x";
				CLANG_CXX_LIBRARY = "libc++";
				CLANG_ENABLE_MODULES = YES;
				CLANG_ENABLE_OBJC_ARC = YES;
				CLANG_WARN_BOOL_CONVERSION = YES;
				CLANG_WARN_CONSTANT_CONVERSION = YES;
				CLANG_WARN_DIRECT_OBJC_ISA_USAGE = YES_ERROR;
				CLANG_WARN_EMPTY_BODY = YES;
				CLANG_WARN_ENUM_CONVERSION = YES;
				CLANG_WARN_INT_CONVERSION = YES;
				CLANG_WARN_OBJC_ROOT_CLASS = YES_ERROR;
				CLANG_WARN__DUPLICATE_METHOD_MATCH = YES;
				"CODE_SIGN_IDENTITY[sdk=iphoneos*]" = "iPhone Developer";
				COPY_PHASE_STRIP = YES;
				ENABLE_NS_ASSERTIONS = NO;
				GCC_C_LANGUAGE_STANDARD = gnu99;
				GCC_WARN_64_TO_32_BIT_CONVERSION = YES;
				GCC_WARN_ABOUT_RETURN_TYPE = YES_ERROR;
				GCC_WARN_UNDECLARED_SELECTOR = YES;
				GCC_WARN_UNINITIALIZED_AUTOS = YES;
				GCC_WARN_UNUSED_FUNCTION = YES;
				GCC_WARN_UNUSED_VARIABLE = YES;
				IPHONEOS_DEPLOYMENT_TARGET = 7.0;
				SDKROOT = iphoneos;
				VALIDATE_PRODUCT = YES;
			};
			name = Release;
		};
		7840E4AD18B433750008907E /* Debug */ = {
			isa = XCBuildConfiguration;
			buildSettings = {
				ASSETCATALOG_COMPILER_APPICON_NAME = AppIcon;
				ASSETCATALOG_COMPILER_LAUNCHIMAGE_NAME = LaunchImage;
				GCC_PRECOMPILE_PREFIX_HEADER = YES;
				GCC_PREFIX_HEADER = "AppDelegateSample/AppDelegateSample-Prefix.pch";
				INFOPLIST_FILE = "AppDelegateSample/AppDelegateSample-Info.plist";
				PRODUCT_NAME = "$(TARGET_NAME)";
				WRAPPER_EXTENSION = app;
			};
			name = Debug;
		};
		7840E4AE18B433750008907E /* Release */ = {
			isa = XCBuildConfiguration;
			buildSettings = {
				ASSETCATALOG_COMPILER_APPICON_NAME = AppIcon;
				ASSETCATALOG_COMPILER_LAUNCHIMAGE_NAME = LaunchImage;
				GCC_PRECOMPILE_PREFIX_HEADER = YES;
				GCC_PREFIX_HEADER = "AppDelegateSample/AppDelegateSample-Prefix.pch";
				INFOPLIST_FILE = "AppDelegateSample/AppDelegateSample-Info.plist";
				PRODUCT_NAME = "$(TARGET_NAME)";
				WRAPPER_EXTENSION = app;
			};
			name = Release;
		};
		7840E4B018B433750008907E /* Debug */ = {
			isa = XCBuildConfiguration;
			buildSettings = {
				ARCHS = "$(ARCHS_STANDARD_INCLUDING_64_BIT)";
				BUNDLE_LOADER = "$(BUILT_PRODUCTS_DIR)/AppDelegateSample.app/AppDelegateSample";
				FRAMEWORK_SEARCH_PATHS = (
					"$(SDKROOT)/Developer/Library/Frameworks",
					"$(inherited)",
					"$(DEVELOPER_FRAMEWORKS_DIR)",
				);
				GCC_PRECOMPILE_PREFIX_HEADER = YES;
				GCC_PREFIX_HEADER = "AppDelegateSample/AppDelegateSample-Prefix.pch";
				GCC_PREPROCESSOR_DEFINITIONS = (
					"DEBUG=1",
					"$(inherited)",
				);
				INFOPLIST_FILE = "AppDelegateSampleTests/AppDelegateSampleTests-Info.plist";
				PRODUCT_NAME = "$(TARGET_NAME)";
				TEST_HOST = "$(BUNDLE_LOADER)";
				WRAPPER_EXTENSION = xctest;
			};
			name = Debug;
		};
		7840E4B118B433750008907E /* Release */ = {
			isa = XCBuildConfiguration;
			buildSettings = {
				ARCHS = "$(ARCHS_STANDARD_INCLUDING_64_BIT)";
				BUNDLE_LOADER = "$(BUILT_PRODUCTS_DIR)/AppDelegateSample.app/AppDelegateSample";
				FRAMEWORK_SEARCH_PATHS = (
					"$(SDKROOT)/Developer/Library/Frameworks",
					"$(inherited)",
					"$(DEVELOPER_FRAMEWORKS_DIR)",
				);
				GCC_PRECOMPILE_PREFIX_HEADER = YES;
				GCC_PREFIX_HEADER = "AppDelegateSample/AppDelegateSample-Prefix.pch";
				INFOPLIST_FILE = "AppDelegateSampleTests/AppDelegateSampleTests-Info.plist";
				PRODUCT_NAME = "$(TARGET_NAME)";
				TEST_HOST = "$(BUNDLE_LOADER)";
				WRAPPER_EXTENSION = xctest;
			};
			name = Release;
		};
/* End XCBuildConfiguration section */

/* Begin XCConfigurationList section */
		7840E47518B433750008907E /* Build configuration list for PBXProject "AppDelegateSample" */ = {
			isa = XCConfigurationList;
			buildConfigurations = (
				7840E4AA18B433750008907E /* Debug */,
				7840E4AB18B433750008907E /* Release */,
			);
			defaultConfigurationIsVisible = 0;
			defaultConfigurationName = Release;
		};
		7840E4AC18B433750008907E /* Build configuration list for PBXNativeTarget "AppDelegateSample" */ = {
			isa = XCConfigurationList;
			buildConfigurations = (
				7840E4AD18B433750008907E /* Debug */,
				7840E4AE18B433750008907E /* Release */,
			);
			defaultConfigurationIsVisible = 0;
			defaultConfigurationName = Release;
		};
		7840E4AF18B433750008907E /* Build configuration list for PBXNativeTarget "AppDelegateSampleTests" */ = {
			isa = XCConfigurationList;
			buildConfigurations = (
				7840E4B018B433750008907E /* Debug */,
				7840E4B118B433750008907E /* Release */,
			);
			defaultConfigurationIsVisible = 0;
			defaultConfigurationName = Release;
		};
/* End XCConfigurationList section */
	};
	rootObject = 7840E47218B433750008907E /* Project object */;
}
